// !$*UTF8*$!
{
	archiveVersion = 1;
	classes = {
	};
	objectVersion = 46;
	objects = {

/* Begin PBXBuildFile section */
		D58BBFE11B20C4D6007EDFA3 /* AppDelegate.swift in Sources */ = {isa = PBXBuildFile; fileRef = D58BBFE01B20C4D6007EDFA3 /* AppDelegate.swift */; };
		D58BBFE31B20C4D6007EDFA3 /* ViewController.swift in Sources */ = {isa = PBXBuildFile; fileRef = D58BBFE21B20C4D6007EDFA3 /* ViewController.swift */; };
		D58BBFE61B20C4D6007EDFA3 /* Main.storyboard in Resources */ = {isa = PBXBuildFile; fileRef = D58BBFE41B20C4D6007EDFA3 /* Main.storyboard */; };
		D58BBFE81B20C4D6007EDFA3 /* Images.xcassets in Resources */ = {isa = PBXBuildFile; fileRef = D58BBFE71B20C4D6007EDFA3 /* Images.xcassets */; };
		D58BBFEB1B20C4D6007EDFA3 /* LaunchScreen.xib in Resources */ = {isa = PBXBuildFile; fileRef = D58BBFE91B20C4D6007EDFA3 /* LaunchScreen.xib */; };
		D58BBFF71B20C4D6007EDFA3 /* Around_Me_SwiftTests.swift in Sources */ = {isa = PBXBuildFile; fileRef = D58BBFF61B20C4D6007EDFA3 /* Around_Me_SwiftTests.swift */; };
		D58BC0011B20CC94007EDFA3 /* MapKit.framework in Frameworks */ = {isa = PBXBuildFile; fileRef = D58BC0001B20CC94007EDFA3 /* MapKit.framework */; };
		D58BC0171B20D1F0007EDFA3 /* FlipsideViewController.swift in Sources */ = {isa = PBXBuildFile; fileRef = D58BC0161B20D1F0007EDFA3 /* FlipsideViewController.swift */; };
		D58BC03A1B20D610007EDFA3 /* ARCoordinate.m in Sources */ = {isa = PBXBuildFile; fileRef = D58BC02F1B20D610007EDFA3 /* ARCoordinate.m */; };
		D58BC03B1B20D610007EDFA3 /* ARGeoCoordinate.m in Sources */ = {isa = PBXBuildFile; fileRef = D58BC0311B20D610007EDFA3 /* ARGeoCoordinate.m */; };
		D58BC03C1B20D610007EDFA3 /* ARKit.m in Sources */ = {isa = PBXBuildFile; fileRef = D58BC0331B20D610007EDFA3 /* ARKit.m */; };
		D58BC03D1B20D610007EDFA3 /* AugmentedRealityController.m in Sources */ = {isa = PBXBuildFile; fileRef = D58BC0371B20D610007EDFA3 /* AugmentedRealityController.m */; };
		D58BC03E1B20D610007EDFA3 /* GEOLocations.m in Sources */ = {isa = PBXBuildFile; fileRef = D58BC0391B20D610007EDFA3 /* GEOLocations.m */; };
		D58BC0401B20F087007EDFA3 /* CoreLocation.framework in Frameworks */ = {isa = PBXBuildFile; fileRef = D58BC03F1B20F087007EDFA3 /* CoreLocation.framework */; };
		D5AEDF271B2754A400B873BB /* Extends.swift in Sources */ = {isa = PBXBuildFile; fileRef = D5AEDF261B2754A400B873BB /* Extends.swift */; };
		D5D919D21B2721F100657033 /* Place.swift in Sources */ = {isa = PBXBuildFile; fileRef = D5D919D11B2721F100657033 /* Place.swift */; };
		D5D919D41B27276100657033 /* PlaceAnnotation.swift in Sources */ = {isa = PBXBuildFile; fileRef = D5D919D31B27276100657033 /* PlaceAnnotation.swift */; };
		D5D919D61B27364100657033 /* MarkerView.swift in Sources */ = {isa = PBXBuildFile; fileRef = D5D919D51B27364100657033 /* MarkerView.swift */; };
/* End PBXBuildFile section */

/* Begin PBXContainerItemProxy section */
		D58BBFF11B20C4D6007EDFA3 /* PBXContainerItemProxy */ = {
			isa = PBXContainerItemProxy;
			containerPortal = D58BBFD31B20C4D6007EDFA3 /* Project object */;
			proxyType = 1;
			remoteGlobalIDString = D58BBFDA1B20C4D6007EDFA3;
			remoteInfo = "Around Me-Swift";
		};
/* End PBXContainerItemProxy section */

/* Begin PBXFileReference section */
		D58BBFDB1B20C4D6007EDFA3 /* Around Me-Swift.app */ = {isa = PBXFileReference; explicitFileType = wrapper.application; includeInIndex = 0; path = "Around Me-Swift.app"; sourceTree = BUILT_PRODUCTS_DIR; };
		D58BBFDF1B20C4D6007EDFA3 /* Info.plist */ = {isa = PBXFileReference; lastKnownFileType = text.plist.xml; path = Info.plist; sourceTree = "<group>"; };
		D58BBFE01B20C4D6007EDFA3 /* AppDelegate.swift */ = {isa = PBXFileReference; lastKnownFileType = sourcecode.swift; path = AppDelegate.swift; sourceTree = "<group>"; };
		D58BBFE21B20C4D6007EDFA3 /* ViewController.swift */ = {isa = PBXFileReference; lastKnownFileType = sourcecode.swift; path = ViewController.swift; sourceTree = "<group>"; };
		D58BBFE51B20C4D6007EDFA3 /* Base */ = {isa = PBXFileReference; lastKnownFileType = file.storyboard; name = Base; path = Base.lproj/Main.storyboard; sourceTree = "<group>"; };
		D58BBFE71B20C4D6007EDFA3 /* Images.xcassets */ = {isa = PBXFileReference; lastKnownFileType = folder.assetcatalog; path = Images.xcassets; sourceTree = "<group>"; };
		D58BBFEA1B20C4D6007EDFA3 /* Base */ = {isa = PBXFileReference; lastKnownFileType = file.xib; name = Base; path = Base.lproj/LaunchScreen.xib; sourceTree = "<group>"; };
		D58BBFF01B20C4D6007EDFA3 /* Around Me-SwiftTests.xctest */ = {isa = PBXFileReference; explicitFileType = wrapper.cfbundle; includeInIndex = 0; path = "Around Me-SwiftTests.xctest"; sourceTree = BUILT_PRODUCTS_DIR; };
		D58BBFF51B20C4D6007EDFA3 /* Info.plist */ = {isa = PBXFileReference; lastKnownFileType = text.plist.xml; path = Info.plist; sourceTree = "<group>"; };
		D58BBFF61B20C4D6007EDFA3 /* Around_Me_SwiftTests.swift */ = {isa = PBXFileReference; lastKnownFileType = sourcecode.swift; path = Around_Me_SwiftTests.swift; sourceTree = "<group>"; };
		D58BC0001B20CC94007EDFA3 /* MapKit.framework */ = {isa = PBXFileReference; lastKnownFileType = wrapper.framework; name = MapKit.framework; path = System/Library/Frameworks/MapKit.framework; sourceTree = SDKROOT; };
		D58BC0161B20D1F0007EDFA3 /* FlipsideViewController.swift */ = {isa = PBXFileReference; fileEncoding = 4; lastKnownFileType = sourcecode.swift; path = FlipsideViewController.swift; sourceTree = "<group>"; };
		D58BC0291B20D5C2007EDFA3 /* Around Me-Swift-Bridging-Header.h */ = {isa = PBXFileReference; lastKnownFileType = sourcecode.c.h; path = "Around Me-Swift-Bridging-Header.h"; sourceTree = SOURCE_ROOT; };
		D58BC02E1B20D610007EDFA3 /* ARCoordinate.h */ = {isa = PBXFileReference; fileEncoding = 4; lastKnownFileType = sourcecode.c.h; path = ARCoordinate.h; sourceTree = "<group>"; };
		D58BC02F1B20D610007EDFA3 /* ARCoordinate.m */ = {isa = PBXFileReference; fileEncoding = 4; lastKnownFileType = sourcecode.c.objc; path = ARCoordinate.m; sourceTree = "<group>"; };
		D58BC0301B20D610007EDFA3 /* ARGeoCoordinate.h */ = {isa = PBXFileReference; fileEncoding = 4; lastKnownFileType = sourcecode.c.h; path = ARGeoCoordinate.h; sourceTree = "<group>"; };
		D58BC0311B20D610007EDFA3 /* ARGeoCoordinate.m */ = {isa = PBXFileReference; fileEncoding = 4; lastKnownFileType = sourcecode.c.objc; path = ARGeoCoordinate.m; sourceTree = "<group>"; };
		D58BC0321B20D610007EDFA3 /* ARKit.h */ = {isa = PBXFileReference; fileEncoding = 4; lastKnownFileType = sourcecode.c.h; path = ARKit.h; sourceTree = "<group>"; };
		D58BC0331B20D610007EDFA3 /* ARKit.m */ = {isa = PBXFileReference; fileEncoding = 4; lastKnownFileType = sourcecode.c.objc; path = ARKit.m; sourceTree = "<group>"; };
		D58BC0341B20D610007EDFA3 /* ARLocationDelegate.h */ = {isa = PBXFileReference; fileEncoding = 4; lastKnownFileType = sourcecode.c.h; path = ARLocationDelegate.h; sourceTree = "<group>"; };
		D58BC0351B20D610007EDFA3 /* ARViewProtocol.h */ = {isa = PBXFileReference; fileEncoding = 4; lastKnownFileType = sourcecode.c.h; path = ARViewProtocol.h; sourceTree = "<group>"; };
		D58BC0361B20D610007EDFA3 /* AugmentedRealityController.h */ = {isa = PBXFileReference; fileEncoding = 4; lastKnownFileType = sourcecode.c.h; path = AugmentedRealityController.h; sourceTree = "<group>"; };
		D58BC0371B20D610007EDFA3 /* AugmentedRealityController.m */ = {isa = PBXFileReference; fileEncoding = 4; lastKnownFileType = sourcecode.c.objc; path = AugmentedRealityController.m; sourceTree = "<group>"; };
		D58BC0381B20D610007EDFA3 /* GEOLocations.h */ = {isa = PBXFileReference; fileEncoding = 4; lastKnownFileType = sourcecode.c.h; path = GEOLocations.h; sourceTree = "<group>"; };
		D58BC0391B20D610007EDFA3 /* GEOLocations.m */ = {isa = PBXFileReference; fileEncoding = 4; lastKnownFileType = sourcecode.c.objc; path = GEOLocations.m; sourceTree = "<group>"; };
		D58BC03F1B20F087007EDFA3 /* CoreLocation.framework */ = {isa = PBXFileReference; lastKnownFileType = wrapper.framework; name = CoreLocation.framework; path = System/Library/Frameworks/CoreLocation.framework; sourceTree = SDKROOT; };
		D5AEDF261B2754A400B873BB /* Extends.swift */ = {isa = PBXFileReference; fileEncoding = 4; lastKnownFileType = sourcecode.swift; name = Extends.swift; path = ../Extends.swift; sourceTree = "<group>"; };
		D5D919D11B2721F100657033 /* Place.swift */ = {isa = PBXFileReference; fileEncoding = 4; lastKnownFileType = sourcecode.swift; path = Place.swift; sourceTree = "<group>"; };
		D5D919D31B27276100657033 /* PlaceAnnotation.swift */ = {isa = PBXFileReference; fileEncoding = 4; lastKnownFileType = sourcecode.swift; path = PlaceAnnotation.swift; sourceTree = "<group>"; };
		D5D919D51B27364100657033 /* MarkerView.swift */ = {isa = PBXFileReference; fileEncoding = 4; lastKnownFileType = sourcecode.swift; path = MarkerView.swift; sourceTree = "<group>"; };
/* End PBXFileReference section */

/* Begin PBXFrameworksBuildPhase section */
		D58BBFD81B20C4D6007EDFA3 /* Frameworks */ = {
			isa = PBXFrameworksBuildPhase;
			buildActionMask = 2147483647;
			files = (
				D58BC0401B20F087007EDFA3 /* CoreLocation.framework in Frameworks */,
				D58BC0011B20CC94007EDFA3 /* MapKit.framework in Frameworks */,
			);
			runOnlyForDeploymentPostprocessing = 0;
		};
		D58BBFED1B20C4D6007EDFA3 /* Frameworks */ = {
			isa = PBXFrameworksBuildPhase;
			buildActionMask = 2147483647;
			files = (
			);
			runOnlyForDeploymentPostprocessing = 0;
		};
/* End PBXFrameworksBuildPhase section */

/* Begin PBXGroup section */
		D58BBFD21B20C4D6007EDFA3 = {
			isa = PBXGroup;
			children = (
				D58BC0001B20CC94007EDFA3 /* MapKit.framework */,
				D58BC03F1B20F087007EDFA3 /* CoreLocation.framework */,
				D58BC02D1B20D610007EDFA3 /* ARKit */,
				D58BBFDD1B20C4D6007EDFA3 /* Around Me-Swift */,
				D58BBFF31B20C4D6007EDFA3 /* Around Me-SwiftTests */,
				D58BBFDC1B20C4D6007EDFA3 /* Products */,
			);
			sourceTree = "<group>";
		};
		D58BBFDC1B20C4D6007EDFA3 /* Products */ = {
			isa = PBXGroup;
			children = (
				D58BBFDB1B20C4D6007EDFA3 /* Around Me-Swift.app */,
				D58BBFF01B20C4D6007EDFA3 /* Around Me-SwiftTests.xctest */,
			);
			name = Products;
			sourceTree = "<group>";
		};
		D58BBFDD1B20C4D6007EDFA3 /* Around Me-Swift */ = {
			isa = PBXGroup;
			children = (
				D5AEDF261B2754A400B873BB /* Extends.swift */,
				D5D919D01B2721E100657033 /* Model */,
				D58BC0291B20D5C2007EDFA3 /* Around Me-Swift-Bridging-Header.h */,
				D58BC0161B20D1F0007EDFA3 /* FlipsideViewController.swift */,
				D58BBFE01B20C4D6007EDFA3 /* AppDelegate.swift */,
				D58BBFE21B20C4D6007EDFA3 /* ViewController.swift */,
				D58BBFE41B20C4D6007EDFA3 /* Main.storyboard */,
				D58BBFE71B20C4D6007EDFA3 /* Images.xcassets */,
				D58BBFE91B20C4D6007EDFA3 /* LaunchScreen.xib */,
				D58BBFDE1B20C4D6007EDFA3 /* Supporting Files */,
			);
			path = "Around Me-Swift";
			sourceTree = "<group>";
		};
		D58BBFDE1B20C4D6007EDFA3 /* Supporting Files */ = {
			isa = PBXGroup;
			children = (
				D58BBFDF1B20C4D6007EDFA3 /* Info.plist */,
			);
			name = "Supporting Files";
			sourceTree = "<group>";
		};
		D58BBFF31B20C4D6007EDFA3 /* Around Me-SwiftTests */ = {
			isa = PBXGroup;
			children = (
				D58BBFF61B20C4D6007EDFA3 /* Around_Me_SwiftTests.swift */,
				D58BBFF41B20C4D6007EDFA3 /* Supporting Files */,
			);
			path = "Around Me-SwiftTests";
			sourceTree = "<group>";
		};
		D58BBFF41B20C4D6007EDFA3 /* Supporting Files */ = {
			isa = PBXGroup;
			children = (
				D58BBFF51B20C4D6007EDFA3 /* Info.plist */,
			);
			name = "Supporting Files";
			sourceTree = "<group>";
		};
		D58BC02D1B20D610007EDFA3 /* ARKit */ = {
			isa = PBXGroup;
			children = (
				D58BC02E1B20D610007EDFA3 /* ARCoordinate.h */,
				D58BC02F1B20D610007EDFA3 /* ARCoordinate.m */,
				D58BC0301B20D610007EDFA3 /* ARGeoCoordinate.h */,
				D58BC0311B20D610007EDFA3 /* ARGeoCoordinate.m */,
				D58BC0321B20D610007EDFA3 /* ARKit.h */,
				D58BC0331B20D610007EDFA3 /* ARKit.m */,
				D58BC0341B20D610007EDFA3 /* ARLocationDelegate.h */,
				D58BC0351B20D610007EDFA3 /* ARViewProtocol.h */,
				D58BC0361B20D610007EDFA3 /* AugmentedRealityController.h */,
				D58BC0371B20D610007EDFA3 /* AugmentedRealityController.m */,
				D58BC0381B20D610007EDFA3 /* GEOLocations.h */,
				D58BC0391B20D610007EDFA3 /* GEOLocations.m */,
			);
			path = ARKit;
			sourceTree = "<group>";
		};
		D5D919D01B2721E100657033 /* Model */ = {
			isa = PBXGroup;
			children = (
				D5D919D11B2721F100657033 /* Place.swift */,
				D5D919D31B27276100657033 /* PlaceAnnotation.swift */,
				D5D919D51B27364100657033 /* MarkerView.swift */,
			);
			name = Model;
			sourceTree = "<group>";
		};
/* End PBXGroup section */

/* Begin PBXNativeTarget section */
		D58BBFDA1B20C4D6007EDFA3 /* Around Me-Swift */ = {
			isa = PBXNativeTarget;
			buildConfigurationList = D58BBFFA1B20C4D6007EDFA3 /* Build configuration list for PBXNativeTarget "Around Me-Swift" */;
			buildPhases = (
				D58BBFD71B20C4D6007EDFA3 /* Sources */,
				D58BBFD81B20C4D6007EDFA3 /* Frameworks */,
				D58BBFD91B20C4D6007EDFA3 /* Resources */,
			);
			buildRules = (
			);
			dependencies = (
			);
			name = "Around Me-Swift";
			productName = "Around Me-Swift";
			productReference = D58BBFDB1B20C4D6007EDFA3 /* Around Me-Swift.app */;
			productType = "com.apple.product-type.application";
		};
		D58BBFEF1B20C4D6007EDFA3 /* Around Me-SwiftTests */ = {
			isa = PBXNativeTarget;
			buildConfigurationList = D58BBFFD1B20C4D6007EDFA3 /* Build configuration list for PBXNativeTarget "Around Me-SwiftTests" */;
			buildPhases = (
				D58BBFEC1B20C4D6007EDFA3 /* Sources */,
				D58BBFED1B20C4D6007EDFA3 /* Frameworks */,
				D58BBFEE1B20C4D6007EDFA3 /* Resources */,
			);
			buildRules = (
			);
			dependencies = (
				D58BBFF21B20C4D6007EDFA3 /* PBXTargetDependency */,
			);
			name = "Around Me-SwiftTests";
			productName = "Around Me-SwiftTests";
			productReference = D58BBFF01B20C4D6007EDFA3 /* Around Me-SwiftTests.xctest */;
			productType = "com.apple.product-type.bundle.unit-test";
		};
/* End PBXNativeTarget section */

/* Begin PBXProject section */
		D58BBFD31B20C4D6007EDFA3 /* Project object */ = {
			isa = PBXProject;
			attributes = {
				LastUpgradeCheck = 0630;
				ORGANIZATIONNAME = tieunun;
				TargetAttributes = {
					D58BBFDA1B20C4D6007EDFA3 = {
						CreatedOnToolsVersion = 6.3.2;
					};
					D58BBFEF1B20C4D6007EDFA3 = {
						CreatedOnToolsVersion = 6.3.2;
						TestTargetID = D58BBFDA1B20C4D6007EDFA3;
					};
				};
			};
			buildConfigurationList = D58BBFD61B20C4D6007EDFA3 /* Build configuration list for PBXProject "Around Me-Swift" */;
			compatibilityVersion = "Xcode 3.2";
			developmentRegion = English;
			hasScannedForEncodings = 0;
			knownRegions = (
				en,
				Base,
			);
			mainGroup = D58BBFD21B20C4D6007EDFA3;
			productRefGroup = D58BBFDC1B20C4D6007EDFA3 /* Products */;
			projectDirPath = "";
			projectRoot = "";
			targets = (
				D58BBFDA1B20C4D6007EDFA3 /* Around Me-Swift */,
				D58BBFEF1B20C4D6007EDFA3 /* Around Me-SwiftTests */,
			);
		};
/* End PBXProject section */

/* Begin PBXResourcesBuildPhase section */
		D58BBFD91B20C4D6007EDFA3 /* Resources */ = {
			isa = PBXResourcesBuildPhase;
			buildActionMask = 2147483647;
			files = (
				D58BBFE61B20C4D6007EDFA3 /* Main.storyboard in Resources */,
				D58BBFEB1B20C4D6007EDFA3 /* LaunchScreen.xib in Resources */,
				D58BBFE81B20C4D6007EDFA3 /* Images.xcassets in Resources */,
			);
			runOnlyForDeploymentPostprocessing = 0;
		};
		D58BBFEE1B20C4D6007EDFA3 /* Resources */ = {
			isa = PBXResourcesBuildPhase;
			buildActionMask = 2147483647;
			files = (
			);
			runOnlyForDeploymentPostprocessing = 0;
		};
/* End PBXResourcesBuildPhase section */

/* Begin PBXSourcesBuildPhase section */
		D58BBFD71B20C4D6007EDFA3 /* Sources */ = {
			isa = PBXSourcesBuildPhase;
			buildActionMask = 2147483647;
			files = (
				D58BC03B1B20D610007EDFA3 /* ARGeoCoordinate.m in Sources */,
				D58BBFE31B20C4D6007EDFA3 /* ViewController.swift in Sources */,
				D5D919D41B27276100657033 /* PlaceAnnotation.swift in Sources */,
				D58BC0171B20D1F0007EDFA3 /* FlipsideViewController.swift in Sources */,
				D5D919D61B27364100657033 /* MarkerView.swift in Sources */,
				D58BC03A1B20D610007EDFA3 /* ARCoordinate.m in Sources */,
				D58BC03C1B20D610007EDFA3 /* ARKit.m in Sources */,
				D58BC03E1B20D610007EDFA3 /* GEOLocations.m in Sources */,
				D58BBFE11B20C4D6007EDFA3 /* AppDelegate.swift in Sources */,
				D5AEDF271B2754A400B873BB /* Extends.swift in Sources */,
				D58BC03D1B20D610007EDFA3 /* AugmentedRealityController.m in Sources */,
				D5D919D21B2721F100657033 /* Place.swift in Sources */,
			);
			runOnlyForDeploymentPostprocessing = 0;
		};
		D58BBFEC1B20C4D6007EDFA3 /* Sources */ = {
			isa = PBXSourcesBuildPhase;
			buildActionMask = 2147483647;
			files = (
				D58BBFF71B20C4D6007EDFA3 /* Around_Me_SwiftTests.swift in Sources */,
			);
			runOnlyForDeploymentPostprocessing = 0;
		};
/* End PBXSourcesBuildPhase section */

/* Begin PBXTargetDependency section */
		D58BBFF21B20C4D6007EDFA3 /* PBXTargetDependency */ = {
			isa = PBXTargetDependency;
			target = D58BBFDA1B20C4D6007EDFA3 /* Around Me-Swift */;
			targetProxy = D58BBFF11B20C4D6007EDFA3 /* PBXContainerItemProxy */;
		};
/* End PBXTargetDependency section */

/* Begin PBXVariantGroup section */
		D58BBFE41B20C4D6007EDFA3 /* Main.storyboard */ = {
			isa = PBXVariantGroup;
			children = (
				D58BBFE51B20C4D6007EDFA3 /* Base */,
			);
			name = Main.storyboard;
			sourceTree = "<group>";
		};
		D58BBFE91B20C4D6007EDFA3 /* LaunchScreen.xib */ = {
			isa = PBXVariantGroup;
			children = (
				D58BBFEA1B20C4D6007EDFA3 /* Base */,
			);
			name = LaunchScreen.xib;
			sourceTree = "<group>";
		};
/* End PBXVariantGroup section */

/* Begin XCBuildConfiguration section */
		D58BBFF81B20C4D6007EDFA3 /* Debug */ = {
			isa = XCBuildConfiguration;
			buildSettings = {
				ALWAYS_SEARCH_USER_PATHS = NO;
				CLANG_CXX_LANGUAGE_STANDARD = "gnu++0x";
				CLANG_CXX_LIBRARY = "libc++";
				CLANG_ENABLE_MODULES = YES;
				CLANG_ENABLE_OBJC_ARC = YES;
				CLANG_WARN_BOOL_CONVERSION = YES;
				CLANG_WARN_CONSTANT_CONVERSION = YES;
				CLANG_WARN_DIRECT_OBJC_ISA_USAGE = YES_ERROR;
				CLANG_WARN_EMPTY_BODY = YES;
				CLANG_WARN_ENUM_CONVERSION = YES;
				CLANG_WARN_INT_CONVERSION = YES;
				CLANG_WARN_OBJC_ROOT_CLASS = YES_ERROR;
				CLANG_WARN_UNREACHABLE_CODE = YES;
				CLANG_WARN__DUPLICATE_METHOD_MATCH = YES;
				"CODE_SIGN_IDENTITY[sdk=iphoneos*]" = "iPhone Developer";
				COPY_PHASE_STRIP = NO;
				DEBUG_INFORMATION_FORMAT = "dwarf-with-dsym";
				ENABLE_STRICT_OBJC_MSGSEND = YES;
				GCC_C_LANGUAGE_STANDARD = gnu99;
				GCC_DYNAMIC_NO_PIC = NO;
				GCC_NO_COMMON_BLOCKS = YES;
				GCC_OPTIMIZATION_LEVEL = 0;
				GCC_PREPROCESSOR_DEFINITIONS = (
					"DEBUG=1",
					"$(inherited)",
				);
				GCC_SYMBOLS_PRIVATE_EXTERN = NO;
				GCC_WARN_64_TO_32_BIT_CONVERSION = YES;
				GCC_WARN_ABOUT_RETURN_TYPE = YES_ERROR;
				GCC_WARN_UNDECLARED_SELECTOR = YES;
				GCC_WARN_UNINITIALIZED_AUTOS = YES_AGGRESSIVE;
				GCC_WARN_UNUSED_FUNCTION = YES;
				GCC_WARN_UNUSED_VARIABLE = YES;
				IPHONEOS_DEPLOYMENT_TARGET = 8.3;
				MTL_ENABLE_DEBUG_INFO = YES;
				ONLY_ACTIVE_ARCH = YES;
				SDKROOT = iphoneos;
				SWIFT_OPTIMIZATION_LEVEL = "-Onone";
			};
			name = Debug;
		};
		D58BBFF91B20C4D6007EDFA3 /* Release */ = {
			isa = XCBuildConfiguration;
			buildSettings = {
				ALWAYS_SEARCH_USER_PATHS = NO;
				CLANG_CXX_LANGUAGE_STANDARD = "gnu++0x";
				CLANG_CXX_LIBRARY = "libc++";
				CLANG_ENABLE_MODULES = YES;
				CLANG_ENABLE_OBJC_ARC = YES;
				CLANG_WARN_BOOL_CONVERSION = YES;
				CLANG_WARN_CONSTANT_CONVERSION = YES;
				CLANG_WARN_DIRECT_OBJC_ISA_USAGE = YES_ERROR;
				CLANG_WARN_EMPTY_BODY = YES;
				CLANG_WARN_ENUM_CONVERSION = YES;
				CLANG_WARN_INT_CONVERSION = YES;
				CLANG_WARN_OBJC_ROOT_CLASS = YES_ERROR;
				CLANG_WARN_UNREACHABLE_CODE = YES;
				CLANG_WARN__DUPLICATE_METHOD_MATCH = YES;
				"CODE_SIGN_IDENTITY[sdk=iphoneos*]" = "iPhone Developer";
				COPY_PHASE_STRIP = NO;
				DEBUG_INFORMATION_FORMAT = "dwarf-with-dsym";
				ENABLE_NS_ASSERTIONS = NO;
				ENABLE_STRICT_OBJC_MSGSEND = YES;
				GCC_C_LANGUAGE_STANDARD = gnu99;
				GCC_NO_COMMON_BLOCKS = YES;
				GCC_WARN_64_TO_32_BIT_CONVERSION = YES;
				GCC_WARN_ABOUT_RETURN_TYPE = YES_ERROR;
				GCC_WARN_UNDECLARED_SELECTOR = YES;
				GCC_WARN_UNINITIALIZED_AUTOS = YES_AGGRESSIVE;
				GCC_WARN_UNUSED_FUNCTION = YES;
				GCC_WARN_UNUSED_VARIABLE = YES;
				IPHONEOS_DEPLOYMENT_TARGET = 8.3;
				MTL_ENABLE_DEBUG_INFO = NO;
				SDKROOT = iphoneos;
				VALIDATE_PRODUCT = YES;
			};
			name = Release;
		};
		D58BBFFB1B20C4D6007EDFA3 /* Debug */ = {
			isa = XCBuildConfiguration;
			buildSettings = {
				ASSETCATALOG_COMPILER_APPICON_NAME = AppIcon;
				CLANG_ENABLE_MODULES = YES;
				INFOPLIST_FILE = "Around Me-Swift/Info.plist";
				LD_RUNPATH_SEARCH_PATHS = "$(inherited) @executable_path/Frameworks";
				PRODUCT_NAME = "$(TARGET_NAME)";
				SWIFT_OBJC_BRIDGING_HEADER = "Around Me-Swift-Bridging-Header.h";
				SWIFT_OPTIMIZATION_LEVEL = "-Onone";
			};
			name = Debug;
		};
		D58BBFFC1B20C4D6007EDFA3 /* Release */ = {
			isa = XCBuildConfiguration;
			buildSettings = {
				ASSETCATALOG_COMPILER_APPICON_NAME = AppIcon;
				CLANG_ENABLE_MODULES = YES;
				INFOPLIST_FILE = "Around Me-Swift/Info.plist";
				LD_RUNPATH_SEARCH_PATHS = "$(inherited) @executable_path/Frameworks";
				PRODUCT_NAME = "$(TARGET_NAME)";
				SWIFT_OBJC_BRIDGING_HEADER = "Around Me-Swift-Bridging-Header.h";
			};
			name = Release;
		};
		D58BBFFE1B20C4D6007EDFA3 /* Debug */ = {
			isa = XCBuildConfiguration;
			buildSettings = {
				BUNDLE_LOADER = "$(TEST_HOST)";
				FRAMEWORK_SEARCH_PATHS = (
					"$(SDKROOT)/Developer/Library/Frameworks",
					"$(inherited)",
				);
				GCC_PREPROCESSOR_DEFINITIONS = (
					"DEBUG=1",
					"$(inherited)",
				);
				INFOPLIST_FILE = "Around Me-SwiftTests/Info.plist";
				LD_RUNPATH_SEARCH_PATHS = "$(inherited) @executable_path/Frameworks @loader_path/Frameworks";
				PRODUCT_NAME = "$(TARGET_NAME)";
				TEST_HOST = "$(BUILT_PRODUCTS_DIR)/Around Me-Swift.app/Around Me-Swift";
			};
			name = Debug;
		};
		D58BBFFF1B20C4D6007EDFA3 /* Release */ = {
			isa = XCBuildConfiguration;
			buildSettings = {
				BUNDLE_LOADER = "$(TEST_HOST)";
				FRAMEWORK_SEARCH_PATHS = (
					"$(SDKROOT)/Developer/Library/Frameworks",
					"$(inherited)",
				);
				INFOPLIST_FILE = "Around Me-SwiftTests/Info.plist";
				LD_RUNPATH_SEARCH_PATHS = "$(inherited) @executable_path/Frameworks @loader_path/Frameworks";
				PRODUCT_NAME = "$(TARGET_NAME)";
				TEST_HOST = "$(BUILT_PRODUCTS_DIR)/Around Me-Swift.app/Around Me-Swift";
			};
			name = Release;
		};
/* End XCBuildConfiguration section */

/* Begin XCConfigurationList section */
		D58BBFD61B20C4D6007EDFA3 /* Build configuration list for PBXProject "Around Me-Swift" */ = {
			isa = XCConfigurationList;
			buildConfigurations = (
				D58BBFF81B20C4D6007EDFA3 /* Debug */,
				D58BBFF91B20C4D6007EDFA3 /* Release */,
			);
			defaultConfigurationIsVisible = 0;
			defaultConfigurationName = Release;
		};
		D58BBFFA1B20C4D6007EDFA3 /* Build configuration list for PBXNativeTarget "Around Me-Swift" */ = {
			isa = XCConfigurationList;
			buildConfigurations = (
				D58BBFFB1B20C4D6007EDFA3 /* Debug */,
				D58BBFFC1B20C4D6007EDFA3 /* Release */,
			);
			defaultConfigurationIsVisible = 0;
			defaultConfigurationName = Release;
		};
		D58BBFFD1B20C4D6007EDFA3 /* Build configuration list for PBXNativeTarget "Around Me-SwiftTests" */ = {
			isa = XCConfigurationList;
			buildConfigurations = (
				D58BBFFE1B20C4D6007EDFA3 /* Debug */,
				D58BBFFF1B20C4D6007EDFA3 /* Release */,
			);
			defaultConfigurationIsVisible = 0;
			defaultConfigurationName = Release;
		};
/* End XCConfigurationList section */
	};
	rootObject = D58BBFD31B20C4D6007EDFA3 /* Project object */;
}
